{
  "requires": true,
  "lockfileVersion": 1,
  "dependencies": {
    "peity": {
      "version": "3.3.0",
      "resolved": "https://registry.npmjs.org/peity/-/peity-3.3.0.tgz",
      "integrity": "sha512-4QUbLwDpmBFS/f0RdLODU1HgLHJJ2qo9fruRRNFB3DRNi8MCb3yIMLyNUwOLGcMwkN9uqQKacjKJEM7/TZQkFw=="
    }
  }
}
